{
  "version": 4,
  "terraform_version": "1.5.7",
  "serial": 13,
  "lineage": "b6ad48fc-e113-0cf5-8f98-e44e967507e0",
  "outputs": {},
  "resources": [
    {
      "mode": "managed",
      "type": "google_compute_global_forwarding_rule",
      "name": "default",
      "provider": "provider[\"registry.terraform.io/hashicorp/google\"]",
      "instances": []
    },
    {
      "mode": "managed",
      "type": "google_compute_target_http_proxy",
      "name": "default",
      "provider": "provider[\"registry.terraform.io/hashicorp/google\"]",
      "instances": []
    },
    {
      "mode": "managed",
      "type": "google_compute_url_map",
      "name": "default",
      "provider": "provider[\"registry.terraform.io/hashicorp/google\"]",
      "instances": []
    },
    {
      "mode": "managed",
      "type": "google_storage_bucket",
      "name": "fallout",
      "provider": "provider[\"registry.terraform.io/hashicorp/google\"]",
      "instances": [
        {
          "schema_version": 3,
          "attributes": {
            "autoclass": [],
            "cors": [],
            "custom_placement_config": [],
            "default_event_based_hold": false,
            "effective_labels": {
              "goog-terraform-provisioned": "true"
            },
            "enable_object_retention": false,
            "encryption": [],
            "force_destroy": false,
            "hierarchical_namespace": [
              {
                "enabled": false
              }
            ],
            "id": "example_website_yasaman_fallout",
            "labels": null,
            "lifecycle_rule": [],
            "location": "US",
            "logging": [],
            "name": "example_website_yasaman_fallout",
            "project": "shirdast-nw-netdemo",
            "project_number": 173481259197,
            "public_access_prevention": "inherited",
            "requester_pays": false,
            "retention_policy": [],
            "rpo": "DEFAULT",
            "self_link": "https://www.googleapis.com/storage/v1/b/example_website_yasaman_fallout",
            "soft_delete_policy": [
              {
                "effective_time": "2025-05-09T20:41:22.106Z",
                "retention_duration_seconds": 604800
              }
            ],
            "storage_class": "STANDARD",
            "terraform_labels": {
              "goog-terraform-provisioned": "true"
            },
            "time_created": "2025-05-09T20:41:22.106Z",
            "timeouts": null,
            "uniform_bucket_level_access": false,
            "updated": "2025-05-09T20:41:22.106Z",
            "url": "gs://example_website_yasaman_fallout",
            "versioning": [],
            "website": []
          },
          "sensitive_attributes": [],
          "private": "eyJlMmJmYjczMC1lY2FhLTExZTYtOGY4OC0zNDM2M2JjN2M0YzAiOnsiY3JlYXRlIjo2MDAwMDAwMDAwMDAsInJlYWQiOjI0MDAwMDAwMDAwMCwidXBkYXRlIjoyNDAwMDAwMDAwMDB9LCJzY2hlbWFfdmVyc2lvbiI6IjMifQ=="
        }
      ]
    },
    {
      "mode": "managed",
      "type": "google_storage_bucket",
      "name": "website",
      "provider": "provider[\"registry.terraform.io/hashicorp/google\"]",
      "instances": [
        {
          "schema_version": 3,
          "attributes": {
            "autoclass": [],
            "cors": [],
            "custom_placement_config": [],
            "default_event_based_hold": false,
            "effective_labels": {
              "goog-terraform-provisioned": "true"
            },
            "enable_object_retention": false,
            "encryption": [],
            "force_destroy": false,
            "hierarchical_namespace": [
              {
                "enabled": false
              }
            ],
            "id": "example_website_yasaman",
            "labels": {},
            "lifecycle_rule": [],
            "location": "US",
            "logging": [],
            "name": "example_website_yasaman",
            "project": "shirdast-nw-netdemo",
            "project_number": 173481259197,
            "public_access_prevention": "inherited",
            "requester_pays": false,
            "retention_policy": [],
            "rpo": "DEFAULT",
            "self_link": "https://www.googleapis.com/storage/v1/b/example_website_yasaman",
            "soft_delete_policy": [
              {
                "effective_time": "2025-05-07T18:08:15.651Z",
                "retention_duration_seconds": 604800
              }
            ],
            "storage_class": "STANDARD",
            "terraform_labels": {
              "goog-terraform-provisioned": "true"
            },
            "time_created": "2025-05-07T18:08:15.651Z",
            "timeouts": null,
            "uniform_bucket_level_access": false,
            "updated": "2025-05-07T18:08:15.651Z",
            "url": "gs://example_website_yasaman",
            "versioning": [],
            "website": []
          },
          "sensitive_attributes": [],
          "private": "eyJlMmJmYjczMC1lY2FhLTExZTYtOGY4OC0zNDM2M2JjN2M0YzAiOnsiY3JlYXRlIjo2MDAwMDAwMDAwMDAsInJlYWQiOjI0MDAwMDAwMDAwMCwidXBkYXRlIjoyNDAwMDAwMDAwMDB9LCJzY2hlbWFfdmVyc2lvbiI6IjMifQ=="
        }
      ]
    },
    {
      "mode": "managed",
      "type": "google_storage_bucket_object",
      "name": "fallout",
      "provider": "provider[\"registry.terraform.io/hashicorp/google\"]",
      "instances": [
        {
          "schema_version": 0,
          "attributes": {
            "bucket": "example_website_yasaman_fallout",
            "cache_control": "",
            "content": null,
            "content_disposition": "",
            "content_encoding": "",
            "content_language": "",
            "content_type": "text/plain; charset=utf-8",
            "crc32c": "zP32Lg==",
            "customer_encryption": [],
            "detect_md5hash": "epJcinalMvhn/U8uTElMTQ==",
            "event_based_hold": false,
            "generation": 1746823282566206,
            "id": "example_website_yasaman_fallout-fallout.html",
            "kms_key_name": "",
            "md5hash": "epJcinalMvhn/U8uTElMTQ==",
            "md5hexhash": "7a925c8a76a532f867fd4f2e4c494c4d",
            "media_link": "https://storage.googleapis.com/download/storage/v1/b/example_website_yasaman_fallout/o/fallout.html?generation=1746823282566206\u0026alt=media",
            "metadata": null,
            "name": "fallout.html",
            "output_name": "fallout.html",
            "retention": [],
            "self_link": "https://www.googleapis.com/storage/v1/b/example_website_yasaman_fallout/o/fallout.html",
            "source": "/home/shirdast/playground/terraform-01/website/fallout.html",
            "storage_class": "STANDARD",
            "temporary_hold": false,
            "timeouts": null
          },
          "sensitive_attributes": [],
          "private": "eyJlMmJmYjczMC1lY2FhLTExZTYtOGY4OC0zNDM2M2JjN2M0YzAiOnsiY3JlYXRlIjoyNDAwMDAwMDAwMDAsImRlbGV0ZSI6MjQwMDAwMDAwMDAwLCJ1cGRhdGUiOjI0MDAwMDAwMDAwMH19",
          "dependencies": [
            "google_storage_bucket.fallout"
          ]
        }
      ]
    },
    {
      "mode": "managed",
      "type": "google_storage_bucket_object",
      "name": "index",
      "provider": "provider[\"registry.terraform.io/hashicorp/google\"]",
      "instances": [
        {
          "schema_version": 0,
          "attributes": {
            "bucket": "example_website_yasaman",
            "cache_control": "",
            "content": null,
            "content_disposition": "",
            "content_encoding": "",
            "content_language": "",
            "content_type": "text/html; charset=utf-8",
            "crc32c": "QsIuvA==",
            "customer_encryption": [],
            "detect_md5hash": "+vY8myNbRSEJIeAyxXJ64w==",
            "event_based_hold": false,
            "generation": 1746641296082605,
            "id": "example_website_yasaman-index.html",
            "kms_key_name": "",
            "md5hash": "+vY8myNbRSEJIeAyxXJ64w==",
            "md5hexhash": "faf63c9b235b45210921e032c5727ae3",
            "media_link": "https://storage.googleapis.com/download/storage/v1/b/example_website_yasaman/o/index.html?generation=1746641296082605\u0026alt=media",
            "metadata": {},
            "name": "index.html",
            "output_name": "index.html",
            "retention": [],
            "self_link": "https://www.googleapis.com/storage/v1/b/example_website_yasaman/o/index.html",
            "source": "/home/shirdast/playground/terraform-01/website/index.html",
            "storage_class": "STANDARD",
            "temporary_hold": false,
            "timeouts": null
          },
          "sensitive_attributes": [],
          "private": "eyJlMmJmYjczMC1lY2FhLTExZTYtOGY4OC0zNDM2M2JjN2M0YzAiOnsiY3JlYXRlIjoyNDAwMDAwMDAwMDAsImRlbGV0ZSI6MjQwMDAwMDAwMDAwLCJ1cGRhdGUiOjI0MDAwMDAwMDAwMH19",
          "dependencies": [
            "google_storage_bucket.website"
          ]
        }
      ]
    }
  ],
  "check_results": null
}
