{
  "version": 4,
  "terraform_version": "1.5.7",
  "serial": 20,
  "lineage": "b6ad48fc-e113-0cf5-8f98-e44e967507e0",
  "outputs": {},
  "resources": [
    {
      "mode": "managed",
      "type": "google_compute_backend_bucket",
      "name": "fallout",
      "provider": "provider[\"registry.terraform.io/hashicorp/google\"]",
      "instances": [
        {
          "schema_version": 0,
          "attributes": {
            "bucket_name": "example_website_yasaman_fallout",
            "cdn_policy": [],
            "compression_mode": "",
            "creation_timestamp": "2025-05-09T13:44:47.177-07:00",
            "custom_response_headers": null,
            "description": "Contains ascii emoji",
            "edge_security_policy": "",
            "enable_cdn": false,
            "id": "projects/shirdast-nw-netdemo/global/backendBuckets/fallout",
            "name": "fallout",
            "project": "shirdast-nw-netdemo",
            "self_link": "https://www.googleapis.com/compute/v1/projects/shirdast-nw-netdemo/global/backendBuckets/fallout",
            "timeouts": null
          },
          "sensitive_attributes": [],
          "private": "eyJlMmJmYjczMC1lY2FhLTExZTYtOGY4OC0zNDM2M2JjN2M0YzAiOnsiY3JlYXRlIjoxMjAwMDAwMDAwMDAwLCJkZWxldGUiOjEyMDAwMDAwMDAwMDAsInVwZGF0ZSI6MTIwMDAwMDAwMDAwMH19",
          "dependencies": [
            "google_storage_bucket.fallout"
          ]
        }
      ]
    },
    {
      "mode": "managed",
      "type": "google_compute_backend_bucket",
      "name": "website",
      "provider": "provider[\"registry.terraform.io/hashicorp/google\"]",
      "instances": [
        {
          "schema_version": 0,
          "attributes": {
            "bucket_name": "example_website_yasaman",
            "cdn_policy": [],
            "compression_mode": "",
            "creation_timestamp": "2025-05-09T13:44:47.155-07:00",
            "custom_response_headers": null,
            "description": "Contains its website",
            "edge_security_policy": "",
            "enable_cdn": false,
            "id": "projects/shirdast-nw-netdemo/global/backendBuckets/website",
            "name": "website",
            "project": "shirdast-nw-netdemo",
            "self_link": "https://www.googleapis.com/compute/v1/projects/shirdast-nw-netdemo/global/backendBuckets/website",
            "timeouts": null
          },
          "sensitive_attributes": [],
          "private": "eyJlMmJmYjczMC1lY2FhLTExZTYtOGY4OC0zNDM2M2JjN2M0YzAiOnsiY3JlYXRlIjoxMjAwMDAwMDAwMDAwLCJkZWxldGUiOjEyMDAwMDAwMDAwMDAsInVwZGF0ZSI6MTIwMDAwMDAwMDAwMH19",
          "dependencies": [
            "google_storage_bucket.website"
          ]
        }
      ]
    },
    {
      "mode": "managed",
      "type": "google_compute_global_address",
      "name": "website_ip",
      "provider": "provider[\"registry.terraform.io/hashicorp/google\"]",
      "instances": [
        {
          "schema_version": 0,
          "attributes": {
            "address": "34.49.21.17",
            "address_type": "EXTERNAL",
            "creation_timestamp": "2025-05-09T13:44:47.238-07:00",
            "description": "",
            "effective_labels": {
              "goog-terraform-provisioned": "true"
            },
            "id": "projects/shirdast-nw-netdemo/global/addresses/website-ip",
            "ip_version": "",
            "label_fingerprint": "vezUS-42LLM=",
            "labels": null,
            "name": "website-ip",
            "network": "",
            "prefix_length": 0,
            "project": "shirdast-nw-netdemo",
            "purpose": "",
            "self_link": "https://www.googleapis.com/compute/v1/projects/shirdast-nw-netdemo/global/addresses/website-ip",
            "terraform_labels": {
              "goog-terraform-provisioned": "true"
            },
            "timeouts": null
          },
          "sensitive_attributes": [],
          "private": "eyJlMmJmYjczMC1lY2FhLTExZTYtOGY4OC0zNDM2M2JjN2M0YzAiOnsiY3JlYXRlIjoxMjAwMDAwMDAwMDAwLCJkZWxldGUiOjEyMDAwMDAwMDAwMDAsInVwZGF0ZSI6MTIwMDAwMDAwMDAwMH19"
        }
      ]
    },
    {
      "mode": "managed",
      "type": "google_compute_global_forwarding_rule",
      "name": "default",
      "provider": "provider[\"registry.terraform.io/hashicorp/google\"]",
      "instances": [
        {
          "schema_version": 0,
          "attributes": {
            "base_forwarding_rule": "",
            "description": "",
            "effective_labels": {},
            "forwarding_rule_id": 3619568938556577667,
            "id": "projects/shirdast-nw-netdemo/global/forwardingRules/http-lb-forwarding-rule",
            "ip_address": "34.49.21.17",
            "ip_protocol": "TCP",
            "ip_version": "",
            "label_fingerprint": "42WmSpB8rSM=",
            "labels": null,
            "load_balancing_scheme": "EXTERNAL_MANAGED",
            "metadata_filters": [],
            "name": "http-lb-forwarding-rule",
            "network": "",
            "network_tier": "PREMIUM",
            "no_automate_dns_zone": null,
            "port_range": "80-80",
            "project": "shirdast-nw-netdemo",
            "psc_connection_id": "",
            "psc_connection_status": "",
            "self_link": "https://www.googleapis.com/compute/v1/projects/shirdast-nw-netdemo/global/forwardingRules/http-lb-forwarding-rule",
            "service_directory_registrations": [],
            "source_ip_ranges": null,
            "subnetwork": "",
            "target": "https://www.googleapis.com/compute/v1/projects/shirdast-nw-netdemo/global/targetHttpProxies/http-lb-proxy",
            "terraform_labels": {},
            "timeouts": null
          },
          "sensitive_attributes": [],
          "private": "eyJlMmJmYjczMC1lY2FhLTExZTYtOGY4OC0zNDM2M2JjN2M0YzAiOnsiY3JlYXRlIjoxMjAwMDAwMDAwMDAwLCJkZWxldGUiOjEyMDAwMDAwMDAwMDAsInVwZGF0ZSI6MTIwMDAwMDAwMDAwMH19",
          "dependencies": [
            "google_compute_backend_bucket.fallout",
            "google_compute_backend_bucket.website",
            "google_compute_global_address.website_ip",
            "google_compute_target_http_proxy.default",
            "google_compute_url_map.default",
            "google_storage_bucket.fallout",
            "google_storage_bucket.website"
          ]
        }
      ]
    },
    {
      "mode": "managed",
      "type": "google_compute_target_http_proxy",
      "name": "default",
      "provider": "provider[\"registry.terraform.io/hashicorp/google\"]",
      "instances": [
        {
          "schema_version": 0,
          "attributes": {
            "creation_timestamp": "2025-05-09T13:45:21.472-07:00",
            "description": "",
            "http_keep_alive_timeout_sec": 0,
            "id": "projects/shirdast-nw-netdemo/global/targetHttpProxies/http-lb-proxy",
            "name": "http-lb-proxy",
            "project": "shirdast-nw-netdemo",
            "proxy_bind": false,
            "proxy_id": 8093312556035463054,
            "self_link": "https://www.googleapis.com/compute/v1/projects/shirdast-nw-netdemo/global/targetHttpProxies/http-lb-proxy",
            "timeouts": null,
            "url_map": "https://www.googleapis.com/compute/v1/projects/shirdast-nw-netdemo/global/urlMaps/http-lb"
          },
          "sensitive_attributes": [],
          "private": "eyJlMmJmYjczMC1lY2FhLTExZTYtOGY4OC0zNDM2M2JjN2M0YzAiOnsiY3JlYXRlIjoxMjAwMDAwMDAwMDAwLCJkZWxldGUiOjEyMDAwMDAwMDAwMDAsInVwZGF0ZSI6MTIwMDAwMDAwMDAwMH19",
          "dependencies": [
            "google_compute_backend_bucket.fallout",
            "google_compute_backend_bucket.website",
            "google_compute_url_map.default",
            "google_storage_bucket.fallout",
            "google_storage_bucket.website"
          ]
        }
      ]
    },
    {
      "mode": "managed",
      "type": "google_compute_url_map",
      "name": "default",
      "provider": "provider[\"registry.terraform.io/hashicorp/google\"]",
      "instances": [
        {
          "schema_version": 0,
          "attributes": {
            "creation_timestamp": "2025-05-09T13:45:09.571-07:00",
            "default_route_action": [],
            "default_service": "https://www.googleapis.com/compute/v1/projects/shirdast-nw-netdemo/global/backendBuckets/website",
            "default_url_redirect": [],
            "description": "",
            "fingerprint": "F6GKWaQuJt0=",
            "header_action": [],
            "host_rule": [
              {
                "description": "",
                "hosts": [
                  "*"
                ],
                "path_matcher": "path-matcher-2"
              }
            ],
            "id": "projects/shirdast-nw-netdemo/global/urlMaps/http-lb",
            "map_id": 4467765030363060154,
            "name": "http-lb",
            "path_matcher": [
              {
                "default_route_action": [],
                "default_service": "https://www.googleapis.com/compute/v1/projects/shirdast-nw-netdemo/global/backendBuckets/website",
                "default_url_redirect": [],
                "description": "",
                "header_action": [],
                "name": "path-matcher-2",
                "path_rule": [
                  {
                    "paths": [
                      "fallout/*"
                    ],
                    "route_action": [],
                    "service": "https://www.googleapis.com/compute/v1/projects/shirdast-nw-netdemo/global/backendBuckets/fallout",
                    "url_redirect": []
                  }
                ],
                "route_rules": []
              }
            ],
            "project": "shirdast-nw-netdemo",
            "self_link": "https://www.googleapis.com/compute/v1/projects/shirdast-nw-netdemo/global/urlMaps/http-lb",
            "test": [],
            "timeouts": null
          },
          "sensitive_attributes": [],
          "private": "eyJlMmJmYjczMC1lY2FhLTExZTYtOGY4OC0zNDM2M2JjN2M0YzAiOnsiY3JlYXRlIjoxMjAwMDAwMDAwMDAwLCJkZWxldGUiOjEyMDAwMDAwMDAwMDAsInVwZGF0ZSI6MTIwMDAwMDAwMDAwMH19",
          "dependencies": [
            "google_compute_backend_bucket.fallout",
            "google_compute_backend_bucket.website",
            "google_storage_bucket.fallout",
            "google_storage_bucket.website"
          ]
        }
      ]
    },
    {
      "mode": "managed",
      "type": "google_storage_bucket",
      "name": "fallout",
      "provider": "provider[\"registry.terraform.io/hashicorp/google\"]",
      "instances": [
        {
          "schema_version": 3,
          "attributes": {
            "autoclass": [],
            "cors": [],
            "custom_placement_config": [],
            "default_event_based_hold": false,
            "effective_labels": {
              "goog-terraform-provisioned": "true"
            },
            "enable_object_retention": false,
            "encryption": [],
            "force_destroy": false,
            "hierarchical_namespace": [
              {
                "enabled": false
              }
            ],
            "id": "example_website_yasaman_fallout",
            "labels": {},
            "lifecycle_rule": [],
            "location": "US",
            "logging": [],
            "name": "example_website_yasaman_fallout",
            "project": "shirdast-nw-netdemo",
            "project_number": 173481259197,
            "public_access_prevention": "inherited",
            "requester_pays": false,
            "retention_policy": [],
            "rpo": "DEFAULT",
            "self_link": "https://www.googleapis.com/storage/v1/b/example_website_yasaman_fallout",
            "soft_delete_policy": [
              {
                "effective_time": "2025-05-09T20:41:22.106Z",
                "retention_duration_seconds": 604800
              }
            ],
            "storage_class": "STANDARD",
            "terraform_labels": {
              "goog-terraform-provisioned": "true"
            },
            "time_created": "2025-05-09T20:41:22.106Z",
            "timeouts": null,
            "uniform_bucket_level_access": false,
            "updated": "2025-05-09T20:41:22.106Z",
            "url": "gs://example_website_yasaman_fallout",
            "versioning": [],
            "website": []
          },
          "sensitive_attributes": [],
          "private": "eyJlMmJmYjczMC1lY2FhLTExZTYtOGY4OC0zNDM2M2JjN2M0YzAiOnsiY3JlYXRlIjo2MDAwMDAwMDAwMDAsInJlYWQiOjI0MDAwMDAwMDAwMCwidXBkYXRlIjoyNDAwMDAwMDAwMDB9LCJzY2hlbWFfdmVyc2lvbiI6IjMifQ=="
        }
      ]
    },
    {
      "mode": "managed",
      "type": "google_storage_bucket",
      "name": "website",
      "provider": "provider[\"registry.terraform.io/hashicorp/google\"]",
      "instances": [
        {
          "schema_version": 3,
          "attributes": {
            "autoclass": [],
            "cors": [],
            "custom_placement_config": [],
            "default_event_based_hold": false,
            "effective_labels": {
              "goog-terraform-provisioned": "true"
            },
            "enable_object_retention": false,
            "encryption": [],
            "force_destroy": false,
            "hierarchical_namespace": [
              {
                "enabled": false
              }
            ],
            "id": "example_website_yasaman",
            "labels": {},
            "lifecycle_rule": [],
            "location": "US",
            "logging": [],
            "name": "example_website_yasaman",
            "project": "shirdast-nw-netdemo",
            "project_number": 173481259197,
            "public_access_prevention": "inherited",
            "requester_pays": false,
            "retention_policy": [],
            "rpo": "DEFAULT",
            "self_link": "https://www.googleapis.com/storage/v1/b/example_website_yasaman",
            "soft_delete_policy": [
              {
                "effective_time": "2025-05-07T18:08:15.651Z",
                "retention_duration_seconds": 604800
              }
            ],
            "storage_class": "STANDARD",
            "terraform_labels": {
              "goog-terraform-provisioned": "true"
            },
            "time_created": "2025-05-07T18:08:15.651Z",
            "timeouts": null,
            "uniform_bucket_level_access": false,
            "updated": "2025-05-07T18:08:15.651Z",
            "url": "gs://example_website_yasaman",
            "versioning": [],
            "website": []
          },
          "sensitive_attributes": [],
          "private": "eyJlMmJmYjczMC1lY2FhLTExZTYtOGY4OC0zNDM2M2JjN2M0YzAiOnsiY3JlYXRlIjo2MDAwMDAwMDAwMDAsInJlYWQiOjI0MDAwMDAwMDAwMCwidXBkYXRlIjoyNDAwMDAwMDAwMDB9LCJzY2hlbWFfdmVyc2lvbiI6IjMifQ=="
        }
      ]
    },
    {
      "mode": "managed",
      "type": "google_storage_bucket_object",
      "name": "fallout",
      "provider": "provider[\"registry.terraform.io/hashicorp/google\"]",
      "instances": [
        {
          "schema_version": 0,
          "attributes": {
            "bucket": "example_website_yasaman_fallout",
            "cache_control": "",
            "content": null,
            "content_disposition": "",
            "content_encoding": "",
            "content_language": "",
            "content_type": "text/plain; charset=utf-8",
            "crc32c": "zP32Lg==",
            "customer_encryption": [],
            "detect_md5hash": "epJcinalMvhn/U8uTElMTQ==",
            "event_based_hold": false,
            "generation": 1746823282566206,
            "id": "example_website_yasaman_fallout-fallout.html",
            "kms_key_name": "",
            "md5hash": "epJcinalMvhn/U8uTElMTQ==",
            "md5hexhash": "7a925c8a76a532f867fd4f2e4c494c4d",
            "media_link": "https://storage.googleapis.com/download/storage/v1/b/example_website_yasaman_fallout/o/fallout.html?generation=1746823282566206\u0026alt=media",
            "metadata": {},
            "name": "fallout.html",
            "output_name": "fallout.html",
            "retention": [],
            "self_link": "https://www.googleapis.com/storage/v1/b/example_website_yasaman_fallout/o/fallout.html",
            "source": "/home/shirdast/playground/terraform-01/website/fallout.html",
            "storage_class": "STANDARD",
            "temporary_hold": false,
            "timeouts": null
          },
          "sensitive_attributes": [],
          "private": "eyJlMmJmYjczMC1lY2FhLTExZTYtOGY4OC0zNDM2M2JjN2M0YzAiOnsiY3JlYXRlIjoyNDAwMDAwMDAwMDAsImRlbGV0ZSI6MjQwMDAwMDAwMDAwLCJ1cGRhdGUiOjI0MDAwMDAwMDAwMH19",
          "dependencies": [
            "google_storage_bucket.fallout"
          ]
        }
      ]
    },
    {
      "mode": "managed",
      "type": "google_storage_bucket_object",
      "name": "index",
      "provider": "provider[\"registry.terraform.io/hashicorp/google\"]",
      "instances": [
        {
          "schema_version": 0,
          "attributes": {
            "bucket": "example_website_yasaman",
            "cache_control": "",
            "content": null,
            "content_disposition": "",
            "content_encoding": "",
            "content_language": "",
            "content_type": "text/html; charset=utf-8",
            "crc32c": "QsIuvA==",
            "customer_encryption": [],
            "detect_md5hash": "+vY8myNbRSEJIeAyxXJ64w==",
            "event_based_hold": false,
            "generation": 1746641296082605,
            "id": "example_website_yasaman-index.html",
            "kms_key_name": "",
            "md5hash": "+vY8myNbRSEJIeAyxXJ64w==",
            "md5hexhash": "faf63c9b235b45210921e032c5727ae3",
            "media_link": "https://storage.googleapis.com/download/storage/v1/b/example_website_yasaman/o/index.html?generation=1746641296082605\u0026alt=media",
            "metadata": {},
            "name": "index.html",
            "output_name": "index.html",
            "retention": [],
            "self_link": "https://www.googleapis.com/storage/v1/b/example_website_yasaman/o/index.html",
            "source": "/home/shirdast/playground/terraform-01/website/index.html",
            "storage_class": "STANDARD",
            "temporary_hold": false,
            "timeouts": null
          },
          "sensitive_attributes": [],
          "private": "eyJlMmJmYjczMC1lY2FhLTExZTYtOGY4OC0zNDM2M2JjN2M0YzAiOnsiY3JlYXRlIjoyNDAwMDAwMDAwMDAsImRlbGV0ZSI6MjQwMDAwMDAwMDAwLCJ1cGRhdGUiOjI0MDAwMDAwMDAwMH19",
          "dependencies": [
            "google_storage_bucket.website"
          ]
        }
      ]
    }
  ],
  "check_results": null
}
